Microsoft Visual Studio Solution File, Format Version 12.00
# Visual Studio Version 16
VisualStudioVersion = 16.0.0.0
MinimumVisualStudioVersion = 16.0.0.0
Project("{9A19103F-16F7-4668-BE54-9A1E7A4F7556}") = "Application.Backend", "Backend\Application.Backend.csproj", "{AF21BB17-AF69-4795-992A-2CD7A3650FF4}"
EndProject
Project("{9A19103F-16F7-4668-BE54-9A1E7A4F7556}") = "Application.Frontend", "Frontend\Application.Frontend.csproj", "{1CDE83D0-8622-4F61-8133-48A385013A84}"
EndProject
Project("{9A19103F-16F7-4668-BE54-9A1E7A4F7556}") = "Application.Shared", "Shared\Application.Shared.csproj", "{34A11525-4076-4A06-84D2-136285F1A158}"
EndProject
Global
	GlobalSection(SolutionConfigurationPlatforms) = preSolution
		Debug|Any CPU = Debug|Any CPU
		Debug|x64 = Debug|x64
		Debug|x86 = Debug|x86
		Release|Any CPU = Release|Any CPU
		Release|x64 = Release|x64
		Release|x86 = Release|x86
	EndGlobalSection
	GlobalSection(ProjectConfigurationPlatforms) = postSolution
		{1CDE83D0-8622-4F61-8133-48A385013A84}.Debug|Any CPU.ActiveCfg = Debug|Any CPU
		{1CDE83D0-8622-4F61-8133-48A385013A84}.Debug|Any CPU.Build.0 = Debug|Any CPU
		{1CDE83D0-8622-4F61-8133-48A385013A84}.Debug|x64.ActiveCfg = Debug|Any CPU
		{1CDE83D0-8622-4F61-8133-48A385013A84}.Debug|x64.Build.0 = Debug|Any CPU
		{1CDE83D0-8622-4F61-8133-48A385013A84}.Debug|x86.ActiveCfg = Debug|Any CPU
		{1CDE83D0-8622-4F61-8133-48A385013A84}.Debug|x86.Build.0 = Debug|Any CPU
		{1CDE83D0-8622-4F61-8133-48A385013A84}.Release|Any CPU.ActiveCfg = Release|Any CPU
		{1CDE83D0-8622-4F61-8133-48A385013A84}.Release|Any CPU.Build.0 = Release|Any CPU
		{1CDE83D0-8622-4F61-8133-48A385013A84}.Release|x64.ActiveCfg = Release|Any CPU
		{1CDE83D0-8622-4F61-8133-48A385013A84}.Release|x64.Build.0 = Release|Any CPU
		{1CDE83D0-8622-4F61-8133-48A385013A84}.Release|x86.ActiveCfg = Release|Any CPU
		{1CDE83D0-8622-4F61-8133-48A385013A84}.Release|x86.Build.0 = Release|Any CPU
		{AF21BB17-AF69-4795-992A-2CD7A3650FF4}.Debug|Any CPU.ActiveCfg = Debug|Any CPU
		{AF21BB17-AF69-4795-992A-2CD7A3650FF4}.Debug|Any CPU.Build.0 = Debug|Any CPU
		{AF21BB17-AF69-4795-992A-2CD7A3650FF4}.Debug|x64.ActiveCfg = Debug|Any CPU
		{AF21BB17-AF69-4795-992A-2CD7A3650FF4}.Debug|x64.Build.0 = Debug|Any CPU
		{AF21BB17-AF69-4795-992A-2CD7A3650FF4}.Debug|x86.ActiveCfg = Debug|Any CPU
		{AF21BB17-AF69-4795-992A-2CD7A3650FF4}.Debug|x86.Build.0 = Debug|Any CPU
		{AF21BB17-AF69-4795-992A-2CD7A3650FF4}.Release|Any CPU.ActiveCfg = Release|Any CPU
		{AF21BB17-AF69-4795-992A-2CD7A3650FF4}.Release|Any CPU.Build.0 = Release|Any CPU
		{AF21BB17-AF69-4795-992A-2CD7A3650FF4}.Release|x64.ActiveCfg = Release|Any CPU
		{AF21BB17-AF69-4795-992A-2CD7A3650FF4}.Release|x64.Build.0 = Release|Any CPU
		{AF21BB17-AF69-4795-992A-2CD7A3650FF4}.Release|x86.ActiveCfg = Release|Any CPU
		{AF21BB17-AF69-4795-992A-2CD7A3650FF4}.Release|x86.Build.0 = Release|Any CPU
		{34A11525-4076-4A06-84D2-136285F1A158}.Debug|Any CPU.ActiveCfg = Debug|Any CPU
		{34A11525-4076-4A06-84D2-136285F1A158}.Debug|Any CPU.Build.0 = Debug|Any CPU
		{34A11525-4076-4A06-84D2-136285F1A158}.Debug|x64.ActiveCfg = Debug|Any CPU
		{34A11525-4076-4A06-84D2-136285F1A158}.Debug|x64.Build.0 = Debug|Any CPU
		{34A11525-4076-4A06-84D2-136285F1A158}.Debug|x86.ActiveCfg = Debug|Any CPU
		{34A11525-4076-4A06-84D2-136285F1A158}.Debug|x86.Build.0 = Debug|Any CPU
		{34A11525-4076-4A06-84D2-136285F1A158}.Release|Any CPU.ActiveCfg = Release|Any CPU
		{34A11525-4076-4A06-84D2-136285F1A158}.Release|Any CPU.Build.0 = Release|Any CPU
		{34A11525-4076-4A06-84D2-136285F1A158}.Release|x64.ActiveCfg = Release|Any CPU
		{34A11525-4076-4A06-84D2-136285F1A158}.Release|x64.Build.0 = Release|Any CPU
		{34A11525-4076-4A06-84D2-136285F1A158}.Release|x86.ActiveCfg = Release|Any CPU
		{34A11525-4076-4A06-84D2-136285F1A158}.Release|x86.Build.0 = Release|Any CPU
	EndGlobalSection
	GlobalSection(SolutionProperties) = preSolution
		HideSolutionNode = FALSE
	EndGlobalSection
	GlobalSection(ExtensibilityGlobals) = postSolution
		SolutionGuid = {CCD76CFD-AC16-4F3C-A9B8-D94F6AF51E80}
	EndGlobalSection
EndGlobal
